
Microsoft Visual Studio Solution File, Format Version 12.00
# Visual Studio Version 17
VisualStudioVersion = 17.5.33627.172
MinimumVisualStudioVersion = 10.0.40219.1
Project("{9A19103F-16F7-4668-BE54-9A1E7A4F7556}") = "school", "school\school.csproj", "{75FB949E-AE8C-45E3-9776-586D4F347E2D}"
EndProject
Project("{FAE04EC0-301F-11D3-BF4B-00C04F79EFBC}") = "model", "model\model.csproj", "{344B2EBB-B237-4DA1-94EB-7CF3841576BB}"
EndProject
Global
	GlobalSection(SolutionConfigurationPlatforms) = preSolution
		Debug|Any CPU = Debug|Any CPU
		Release|Any CPU = Release|Any CPU
	EndGlobalSection
	GlobalSection(ProjectConfigurationPlatforms) = postSolution
		{75FB949E-AE8C-45E3-9776-586D4F347E2D}.Debug|Any CPU.ActiveCfg = Debug|Any CPU
		{75FB949E-AE8C-45E3-9776-586D4F347E2D}.Debug|Any CPU.Build.0 = Debug|Any CPU
		{75FB949E-AE8C-45E3-9776-586D4F347E2D}.Release|Any CPU.ActiveCfg = Release|Any CPU
		{75FB949E-AE8C-45E3-9776-586D4F347E2D}.Release|Any CPU.Build.0 = Release|Any CPU
		{344B2EBB-B237-4DA1-94EB-7CF3841576BB}.Debug|Any CPU.ActiveCfg = Debug|Any CPU
		{344B2EBB-B237-4DA1-94EB-7CF3841576BB}.Debug|Any CPU.Build.0 = Debug|Any CPU
		{344B2EBB-B237-4DA1-94EB-7CF3841576BB}.Release|Any CPU.ActiveCfg = Release|Any CPU
		{344B2EBB-B237-4DA1-94EB-7CF3841576BB}.Release|Any CPU.Build.0 = Release|Any CPU
	EndGlobalSection
	GlobalSection(SolutionProperties) = preSolution
		HideSolutionNode = FALSE
	EndGlobalSection
	GlobalSection(ExtensibilityGlobals) = postSolution
		SolutionGuid = {F540B8FD-7DC7-4F74-B1C8-90AB6C9D297C}
	EndGlobalSection
EndGlobal
